
Microsoft Visual Studio Solution File, Format Version 12.00
# Visual Studio Version 16
VisualStudioVersion = 16.0.31515.178
MinimumVisualStudioVersion = 10.0.40219.1
Project("{888888A0-9F3D-457C-B088-3A5042F75D52}") = "Week6 Lab2", "Week6 Lab2.pyproj", "{67D0AC7A-3DCB-4ECC-9DF2-C7674DDB90C0}"
EndProject
Global
	GlobalSection(SolutionConfigurationPlatforms) = preSolution
		Debug|Any CPU = Debug|Any CPU
		Release|Any CPU = Release|Any CPU
	EndGlobalSection
	GlobalSection(ProjectConfigurationPlatforms) = postSolution
		{67D0AC7A-3DCB-4ECC-9DF2-C7674DDB90C0}.Debug|Any CPU.ActiveCfg = Debug|Any CPU
		{67D0AC7A-3DCB-4ECC-9DF2-C7674DDB90C0}.Release|Any CPU.ActiveCfg = Release|Any CPU
	EndGlobalSection
	GlobalSection(SolutionProperties) = preSolution
		HideSolutionNode = FALSE
	EndGlobalSection
	GlobalSection(ExtensibilityGlobals) = postSolution
		SolutionGuid = {C2A9BB5B-9293-4FAC-96FA-500645EC3125}
	EndGlobalSection
EndGlobal
